
Microsoft Visual Studio Solution File, Format Version 12.00
# Visual Studio Version 17
VisualStudioVersion = 17.6.33829.357
MinimumVisualStudioVersion = 10.0.40219.1
Project("{FAE04EC0-301F-11D3-BF4B-00C04F79EFBC}") = "Indexer_Home_Task_18.10", "Indexer_Home_Task_18.10\Indexer_Home_Task_18.10.csproj", "{36EED80F-4E9C-4C0C-867F-83AB558A0540}"
EndProject
Global
	GlobalSection(SolutionConfigurationPlatforms) = preSolution
		Debug|Any CPU = Debug|Any CPU
		Release|Any CPU = Release|Any CPU
	EndGlobalSection
	GlobalSection(ProjectConfigurationPlatforms) = postSolution
		{36EED80F-4E9C-4C0C-867F-83AB558A0540}.Debug|Any CPU.ActiveCfg = Debug|Any CPU
		{36EED80F-4E9C-4C0C-867F-83AB558A0540}.Debug|Any CPU.Build.0 = Debug|Any CPU
		{36EED80F-4E9C-4C0C-867F-83AB558A0540}.Release|Any CPU.ActiveCfg = Release|Any CPU
		{36EED80F-4E9C-4C0C-867F-83AB558A0540}.Release|Any CPU.Build.0 = Release|Any CPU
	EndGlobalSection
	GlobalSection(SolutionProperties) = preSolution
		HideSolutionNode = FALSE
	EndGlobalSection
	GlobalSection(ExtensibilityGlobals) = postSolution
		SolutionGuid = {F7F643AD-8A30-4C96-9389-053DE1E097F9}
	EndGlobalSection
EndGlobal
